
Microsoft Visual Studio Solution File, Format Version 12.00
# Visual Studio Version 16
VisualStudioVersion = 16.0.28803.352
MinimumVisualStudioVersion = 10.0.40219.1
Project("{F184B08F-C81C-45F6-A57F-5ABD9991F28F}") = "Vectorized Multilayer Perceptron", "Vectorized Multilayer Perceptron.vbproj", "{30A826C1-407F-48B5-A9B5-3A3C7EED1CE9}"
EndProject
Global
	GlobalSection(SolutionConfigurationPlatforms) = preSolution
		Debug|Any CPU = Debug|Any CPU
		Release|Any CPU = Release|Any CPU
	EndGlobalSection
	GlobalSection(ProjectConfigurationPlatforms) = postSolution
		{30A826C1-407F-48B5-A9B5-3A3C7EED1CE9}.Debug|Any CPU.ActiveCfg = Debug|Any CPU
		{30A826C1-407F-48B5-A9B5-3A3C7EED1CE9}.Debug|Any CPU.Build.0 = Debug|Any CPU
		{30A826C1-407F-48B5-A9B5-3A3C7EED1CE9}.Release|Any CPU.ActiveCfg = Release|Any CPU
		{30A826C1-407F-48B5-A9B5-3A3C7EED1CE9}.Release|Any CPU.Build.0 = Release|Any CPU
	EndGlobalSection
	GlobalSection(SolutionProperties) = preSolution
		HideSolutionNode = FALSE
	EndGlobalSection
	GlobalSection(ExtensibilityGlobals) = postSolution
		SolutionGuid = {409DDBCA-17ED-41B8-9357-D3294EEE802B}
	EndGlobalSection
EndGlobal
